
Microsoft Visual Studio Solution File, Format Version 12.00
# Visual Studio Version 17
VisualStudioVersion = 17.14.36414.22 d17.14
MinimumVisualStudioVersion = 10.0.40219.1
Project("{8BC9CEB8-8B4A-11D0-8D11-00A0C91BC942}") = "Hot3dxBlankApp2", "Hot3dxBlankApp2.vcxproj", "{9BC3E8E6-023A-4144-AA7C-0A1AE5DAFF07}"
EndProject
Global
	GlobalSection(SolutionConfigurationPlatforms) = preSolution
		Debug|ARM = Debug|ARM
		Debug|ARM64 = Debug|ARM64
		Debug|x64 = Debug|x64
		Debug|x86 = Debug|x86
		Release|ARM = Release|ARM
		Release|ARM64 = Release|ARM64
		Release|x64 = Release|x64
		Release|x86 = Release|x86
	EndGlobalSection
	GlobalSection(ProjectConfigurationPlatforms) = postSolution
		{9BC3E8E6-023A-4144-AA7C-0A1AE5DAFF07}.Debug|ARM.ActiveCfg = Debug|ARM
		{9BC3E8E6-023A-4144-AA7C-0A1AE5DAFF07}.Debug|ARM.Build.0 = Debug|ARM
		{9BC3E8E6-023A-4144-AA7C-0A1AE5DAFF07}.Debug|ARM.Deploy.0 = Debug|ARM
		{9BC3E8E6-023A-4144-AA7C-0A1AE5DAFF07}.Debug|ARM64.ActiveCfg = Debug|ARM64
		{9BC3E8E6-023A-4144-AA7C-0A1AE5DAFF07}.Debug|ARM64.Build.0 = Debug|ARM64
		{9BC3E8E6-023A-4144-AA7C-0A1AE5DAFF07}.Debug|ARM64.Deploy.0 = Debug|ARM64
		{9BC3E8E6-023A-4144-AA7C-0A1AE5DAFF07}.Debug|x64.ActiveCfg = Debug|x64
		{9BC3E8E6-023A-4144-AA7C-0A1AE5DAFF07}.Debug|x64.Build.0 = Debug|x64
		{9BC3E8E6-023A-4144-AA7C-0A1AE5DAFF07}.Debug|x64.Deploy.0 = Debug|x64
		{9BC3E8E6-023A-4144-AA7C-0A1AE5DAFF07}.Debug|x86.ActiveCfg = Debug|Win32
		{9BC3E8E6-023A-4144-AA7C-0A1AE5DAFF07}.Debug|x86.Build.0 = Debug|Win32
		{9BC3E8E6-023A-4144-AA7C-0A1AE5DAFF07}.Debug|x86.Deploy.0 = Debug|Win32
		{9BC3E8E6-023A-4144-AA7C-0A1AE5DAFF07}.Release|ARM.ActiveCfg = Release|ARM
		{9BC3E8E6-023A-4144-AA7C-0A1AE5DAFF07}.Release|ARM.Build.0 = Release|ARM
		{9BC3E8E6-023A-4144-AA7C-0A1AE5DAFF07}.Release|ARM.Deploy.0 = Release|ARM
		{9BC3E8E6-023A-4144-AA7C-0A1AE5DAFF07}.Release|ARM64.ActiveCfg = Release|ARM64
		{9BC3E8E6-023A-4144-AA7C-0A1AE5DAFF07}.Release|ARM64.Build.0 = Release|ARM64
		{9BC3E8E6-023A-4144-AA7C-0A1AE5DAFF07}.Release|ARM64.Deploy.0 = Release|ARM64
		{9BC3E8E6-023A-4144-AA7C-0A1AE5DAFF07}.Release|x64.ActiveCfg = Release|x64
		{9BC3E8E6-023A-4144-AA7C-0A1AE5DAFF07}.Release|x64.Build.0 = Release|x64
		{9BC3E8E6-023A-4144-AA7C-0A1AE5DAFF07}.Release|x64.Deploy.0 = Release|x64
		{9BC3E8E6-023A-4144-AA7C-0A1AE5DAFF07}.Release|x86.ActiveCfg = Release|Win32
		{9BC3E8E6-023A-4144-AA7C-0A1AE5DAFF07}.Release|x86.Build.0 = Release|Win32
		{9BC3E8E6-023A-4144-AA7C-0A1AE5DAFF07}.Release|x86.Deploy.0 = Release|Win32
	EndGlobalSection
	GlobalSection(SolutionProperties) = preSolution
		HideSolutionNode = FALSE
	EndGlobalSection
	GlobalSection(ExtensibilityGlobals) = postSolution
		SolutionGuid = {70588065-BB37-4F63-9E36-145D75E71303}
	EndGlobalSection
EndGlobal
